
Microsoft Visual Studio Solution File, Format Version 12.00
# Visual Studio 14
VisualStudioVersion = 14.0.24720.0
MinimumVisualStudioVersion = 10.0.40219.1
Project("{2150E333-8FDC-42A3-9474-1A3956D46DE8}") = "Solution Items", "Solution Items", "{05F23E86-379D-44E6-81DD-92D9D0D42CA8}"
	ProjectSection(SolutionItems) = preProject
		LocalTestRun.testrunconfig = LocalTestRun.testrunconfig
		WebApplication3.vsmdi = WebApplication3.vsmdi
	EndProjectSection
EndProject
Project("{FAE04EC0-301F-11D3-BF4B-00C04F79EFBC}") = "WebApplication", "WebApplication3\WebApplication.csproj", "{D2D4B500-38D7-41BC-B532-85866D5F4D64}"
EndProject
Project("{FAE04EC0-301F-11D3-BF4B-00C04F79EFBC}") = "BLL", "BLL\BLL.csproj", "{05FFFB9C-98C2-4826-BA87-64B7B96F9174}"
EndProject
Project("{FAE04EC0-301F-11D3-BF4B-00C04F79EFBC}") = "DAL", "DAL\DAL.csproj", "{D2292F0A-80DF-4F2A-8985-DCF8F0F92E10}"
EndProject
Project("{FAE04EC0-301F-11D3-BF4B-00C04F79EFBC}") = "DataModel", "DataModel\DataModel.csproj", "{60780C30-BEEC-438B-8B05-F69217E5CFB4}"
EndProject
Project("{FAE04EC0-301F-11D3-BF4B-00C04F79EFBC}") = "Common", "Common\Common.csproj", "{D3EC58F4-D961-4909-8338-C2B91D5B7321}"
EndProject
Project("{FAE04EC0-301F-11D3-BF4B-00C04F79EFBC}") = "Utility", "Utility\Utility.csproj", "{D8ED5213-3C8E-4C1A-A8CF-87370E384F4D}"
EndProject
Project("{FAE04EC0-301F-11D3-BF4B-00C04F79EFBC}") = "TestProject1", "TestProject1\TestProject1.csproj", "{12C68C93-B68A-4508-941B-EF024724C16B}"
EndProject
Global
	GlobalSection(SolutionConfigurationPlatforms) = preSolution
		Debug|Any CPU = Debug|Any CPU
		Release|Any CPU = Release|Any CPU
	EndGlobalSection
	GlobalSection(ProjectConfigurationPlatforms) = postSolution
		{D2D4B500-38D7-41BC-B532-85866D5F4D64}.Debug|Any CPU.ActiveCfg = Debug|Any CPU
		{D2D4B500-38D7-41BC-B532-85866D5F4D64}.Debug|Any CPU.Build.0 = Debug|Any CPU
		{D2D4B500-38D7-41BC-B532-85866D5F4D64}.Release|Any CPU.ActiveCfg = Release|Any CPU
		{D2D4B500-38D7-41BC-B532-85866D5F4D64}.Release|Any CPU.Build.0 = Release|Any CPU
		{05FFFB9C-98C2-4826-BA87-64B7B96F9174}.Debug|Any CPU.ActiveCfg = Debug|Any CPU
		{05FFFB9C-98C2-4826-BA87-64B7B96F9174}.Debug|Any CPU.Build.0 = Debug|Any CPU
		{05FFFB9C-98C2-4826-BA87-64B7B96F9174}.Release|Any CPU.ActiveCfg = Release|Any CPU
		{05FFFB9C-98C2-4826-BA87-64B7B96F9174}.Release|Any CPU.Build.0 = Release|Any CPU
		{D2292F0A-80DF-4F2A-8985-DCF8F0F92E10}.Debug|Any CPU.ActiveCfg = Debug|Any CPU
		{D2292F0A-80DF-4F2A-8985-DCF8F0F92E10}.Debug|Any CPU.Build.0 = Debug|Any CPU
		{D2292F0A-80DF-4F2A-8985-DCF8F0F92E10}.Release|Any CPU.ActiveCfg = Release|Any CPU
		{D2292F0A-80DF-4F2A-8985-DCF8F0F92E10}.Release|Any CPU.Build.0 = Release|Any CPU
		{60780C30-BEEC-438B-8B05-F69217E5CFB4}.Debug|Any CPU.ActiveCfg = Debug|Any CPU
		{60780C30-BEEC-438B-8B05-F69217E5CFB4}.Debug|Any CPU.Build.0 = Debug|Any CPU
		{60780C30-BEEC-438B-8B05-F69217E5CFB4}.Release|Any CPU.ActiveCfg = Release|Any CPU
		{60780C30-BEEC-438B-8B05-F69217E5CFB4}.Release|Any CPU.Build.0 = Release|Any CPU
		{D3EC58F4-D961-4909-8338-C2B91D5B7321}.Debug|Any CPU.ActiveCfg = Debug|Any CPU
		{D3EC58F4-D961-4909-8338-C2B91D5B7321}.Debug|Any CPU.Build.0 = Debug|Any CPU
		{D3EC58F4-D961-4909-8338-C2B91D5B7321}.Release|Any CPU.ActiveCfg = Release|Any CPU
		{D3EC58F4-D961-4909-8338-C2B91D5B7321}.Release|Any CPU.Build.0 = Release|Any CPU
		{D8ED5213-3C8E-4C1A-A8CF-87370E384F4D}.Debug|Any CPU.ActiveCfg = Debug|Any CPU
		{D8ED5213-3C8E-4C1A-A8CF-87370E384F4D}.Debug|Any CPU.Build.0 = Debug|Any CPU
		{D8ED5213-3C8E-4C1A-A8CF-87370E384F4D}.Release|Any CPU.ActiveCfg = Release|Any CPU
		{D8ED5213-3C8E-4C1A-A8CF-87370E384F4D}.Release|Any CPU.Build.0 = Release|Any CPU
		{12C68C93-B68A-4508-941B-EF024724C16B}.Debug|Any CPU.ActiveCfg = Debug|Any CPU
		{12C68C93-B68A-4508-941B-EF024724C16B}.Debug|Any CPU.Build.0 = Debug|Any CPU
		{12C68C93-B68A-4508-941B-EF024724C16B}.Release|Any CPU.ActiveCfg = Release|Any CPU
		{12C68C93-B68A-4508-941B-EF024724C16B}.Release|Any CPU.Build.0 = Release|Any CPU
	EndGlobalSection
	GlobalSection(SolutionProperties) = preSolution
		HideSolutionNode = FALSE
	EndGlobalSection
	GlobalSection(ExtensibilityGlobals) = postSolution
		VisualSVNWorkingCopyRoot = .
	EndGlobalSection
	GlobalSection(TestCaseManagementSettings) = postSolution
		CategoryFile = WebApplication3.vsmdi
	EndGlobalSection
	GlobalSection(SubversionScc) = preSolution
		Svn-Managed = True
		Manager = AnkhSVN - Subversion Support for Visual Studio
	EndGlobalSection
EndGlobal
